
Microsoft Visual Studio Solution File, Format Version 12.00
# Visual Studio Version 16
VisualStudioVersion = 16.0.33214.272
MinimumVisualStudioVersion = 10.0.40219.1
Project("{FAE04EC0-301F-11D3-BF4B-00C04F79EFBC}") = "BookSearchApp_V3_Coding_Test", "BookSearchApp_V3_Coding_Test\BookSearchApp_V3_Coding_Test.csproj", "{5E7BCFE5-1CDD-496E-93F7-3F038D67993E}"
EndProject
Global
	GlobalSection(SolutionConfigurationPlatforms) = preSolution
		Debug|Any CPU = Debug|Any CPU
		Release|Any CPU = Release|Any CPU
	EndGlobalSection
	GlobalSection(ProjectConfigurationPlatforms) = postSolution
		{5E7BCFE5-1CDD-496E-93F7-3F038D67993E}.Debug|Any CPU.ActiveCfg = Debug|Any CPU
		{5E7BCFE5-1CDD-496E-93F7-3F038D67993E}.Debug|Any CPU.Build.0 = Debug|Any CPU
		{5E7BCFE5-1CDD-496E-93F7-3F038D67993E}.Release|Any CPU.ActiveCfg = Release|Any CPU
		{5E7BCFE5-1CDD-496E-93F7-3F038D67993E}.Release|Any CPU.Build.0 = Release|Any CPU
	EndGlobalSection
	GlobalSection(SolutionProperties) = preSolution
		HideSolutionNode = FALSE
	EndGlobalSection
	GlobalSection(ExtensibilityGlobals) = postSolution
		SolutionGuid = {BBCE3BDE-D900-4B4C-9CDE-36F542D937EA}
	EndGlobalSection
EndGlobal
